// !$*UTF8*$!
{
	archiveVersion = 1;
	classes = {
	};
	objectVersion = 50;
	objects = {

/* Begin PBXBuildFile section */
		2144A3C4233762F100F37467 /* AppDelegate.swift in Sources */ = {isa = PBXBuildFile; fileRef = 2144A3C3233762F100F37467 /* AppDelegate.swift */; };
		2144A3C6233762F100F37467 /* ViewController.swift in Sources */ = {isa = PBXBuildFile; fileRef = 2144A3C5233762F100F37467 /* ViewController.swift */; };
		2144A3C9233762F100F37467 /* Main.storyboard in Resources */ = {isa = PBXBuildFile; fileRef = 2144A3C7233762F100F37467 /* Main.storyboard */; };
		2144A3CC233762F100F37467 /* Toy_world.xcdatamodeld in Sources */ = {isa = PBXBuildFile; fileRef = 2144A3CA233762F100F37467 /* Toy_world.xcdatamodeld */; };
		2144A3CE233762F200F37467 /* Assets.xcassets in Resources */ = {isa = PBXBuildFile; fileRef = 2144A3CD233762F200F37467 /* Assets.xcassets */; };
		2144A3D1233762F200F37467 /* LaunchScreen.storyboard in Resources */ = {isa = PBXBuildFile; fileRef = 2144A3CF233762F200F37467 /* LaunchScreen.storyboard */; };
		216734542339171D00D651C7 /* TableViewCell.swift in Sources */ = {isa = PBXBuildFile; fileRef = 216734532339171D00D651C7 /* TableViewCell.swift */; };
/* End PBXBuildFile section */

/* Begin PBXFileReference section */
		2144A3C0233762F100F37467 /* Toy world.app */ = {isa = PBXFileReference; explicitFileType = wrapper.application; includeInIndex = 0; path = "Toy world.app"; sourceTree = BUILT_PRODUCTS_DIR; };
		2144A3C3233762F100F37467 /* AppDelegate.swift */ = {isa = PBXFileReference; lastKnownFileType = sourcecode.swift; path = AppDelegate.swift; sourceTree = "<group>"; };
		2144A3C5233762F100F37467 /* ViewController.swift */ = {isa = PBXFileReference; lastKnownFileType = sourcecode.swift; path = ViewController.swift; sourceTree = "<group>"; };
		2144A3C8233762F100F37467 /* Base */ = {isa = PBXFileReference; lastKnownFileType = file.storyboard; name = Base; path = Base.lproj/Main.storyboard; sourceTree = "<group>"; };
		2144A3CB233762F100F37467 /* Toy_world.xcdatamodel */ = {isa = PBXFileReference; lastKnownFileType = wrapper.xcdatamodel; path = Toy_world.xcdatamodel; sourceTree = "<group>"; };
		2144A3CD233762F200F37467 /* Assets.xcassets */ = {isa = PBXFileReference; lastKnownFileType = folder.assetcatalog; path = Assets.xcassets; sourceTree = "<group>"; };
		2144A3D0233762F200F37467 /* Base */ = {isa = PBXFileReference; lastKnownFileType = file.storyboard; name = Base; path = Base.lproj/LaunchScreen.storyboard; sourceTree = "<group>"; };
		2144A3D2233762F200F37467 /* Info.plist */ = {isa = PBXFileReference; lastKnownFileType = text.plist.xml; path = Info.plist; sourceTree = "<group>"; };
		216734532339171D00D651C7 /* TableViewCell.swift */ = {isa = PBXFileReference; lastKnownFileType = sourcecode.swift; path = TableViewCell.swift; sourceTree = "<group>"; };
/* End PBXFileReference section */

/* Begin PBXFrameworksBuildPhase section */
		2144A3BD233762F100F37467 /* Frameworks */ = {
			isa = PBXFrameworksBuildPhase;
			buildActionMask = 2147483647;
			files = (
			);
			runOnlyForDeploymentPostprocessing = 0;
		};
/* End PBXFrameworksBuildPhase section */

/* Begin PBXGroup section */
		2144A3B7233762F100F37467 = {
			isa = PBXGroup;
			children = (
				2144A3C2233762F100F37467 /* Toy world */,
				2144A3C1233762F100F37467 /* Products */,
			);
			sourceTree = "<group>";
		};
		2144A3C1233762F100F37467 /* Products */ = {
			isa = PBXGroup;
			children = (
				2144A3C0233762F100F37467 /* Toy world.app */,
			);
			name = Products;
			sourceTree = "<group>";
		};
		2144A3C2233762F100F37467 /* Toy world */ = {
			isa = PBXGroup;
			children = (
				2144A3C3233762F100F37467 /* AppDelegate.swift */,
				2144A3C5233762F100F37467 /* ViewController.swift */,
				2144A3C7233762F100F37467 /* Main.storyboard */,
				2144A3CD233762F200F37467 /* Assets.xcassets */,
				2144A3D2233762F200F37467 /* Info.plist */,
				2144A3CA233762F100F37467 /* Toy_world.xcdatamodeld */,
				2144A3CF233762F200F37467 /* LaunchScreen.storyboard */,
				216734532339171D00D651C7 /* TableViewCell.swift */,
			);
			path = "Toy world";
			sourceTree = "<group>";
		};
/* End PBXGroup section */

/* Begin PBXNativeTarget section */
		2144A3BF233762F100F37467 /* Toy world */ = {
			isa = PBXNativeTarget;
			buildConfigurationList = 2144A3D5233762F200F37467 /* Build configuration list for PBXNativeTarget "Toy world" */;
			buildPhases = (
				2144A3BC233762F100F37467 /* Sources */,
				2144A3BD233762F100F37467 /* Frameworks */,
				2144A3BE233762F100F37467 /* Resources */,
			);
			buildRules = (
			);
			dependencies = (
			);
			name = "Toy world";
			productName = "Toy world";
			productReference = 2144A3C0233762F100F37467 /* Toy world.app */;
			productType = "com.apple.product-type.application";
		};
/* End PBXNativeTarget section */

/* Begin PBXProject section */
		2144A3B8233762F100F37467 /* Project object */ = {
			isa = PBXProject;
			attributes = {
				LastSwiftUpdateCheck = 1030;
				LastUpgradeCheck = 1030;
				ORGANIZATIONNAME = "Wang Yichuan";
				TargetAttributes = {
					2144A3BF233762F100F37467 = {
						CreatedOnToolsVersion = 10.3;
					};
				};
			};
			buildConfigurationList = 2144A3BB233762F100F37467 /* Build configuration list for PBXProject "Toy world" */;
			compatibilityVersion = "Xcode 9.3";
			developmentRegion = en;
			hasScannedForEncodings = 0;
			knownRegions = (
				en,
				Base,
			);
			mainGroup = 2144A3B7233762F100F37467;
			productRefGroup = 2144A3C1233762F100F37467 /* Products */;
			projectDirPath = "";
			projectRoot = "";
			targets = (
				2144A3BF233762F100F37467 /* Toy world */,
			);
		};
/* End PBXProject section */

/* Begin PBXResourcesBuildPhase section */
		2144A3BE233762F100F37467 /* Resources */ = {
			isa = PBXResourcesBuildPhase;
			buildActionMask = 2147483647;
			files = (
				2144A3D1233762F200F37467 /* LaunchScreen.storyboard in Resources */,
				2144A3CE233762F200F37467 /* Assets.xcassets in Resources */,
				2144A3C9233762F100F37467 /* Main.storyboard in Resources */,
			);
			runOnlyForDeploymentPostprocessing = 0;
		};
/* End PBXResourcesBuildPhase section */

/* Begin PBXSourcesBuildPhase section */
		2144A3BC233762F100F37467 /* Sources */ = {
			isa = PBXSourcesBuildPhase;
			buildActionMask = 2147483647;
			files = (
				2144A3CC233762F100F37467 /* Toy_world.xcdatamodeld in Sources */,
				216734542339171D00D651C7 /* TableViewCell.swift in Sources */,
				2144A3C6233762F100F37467 /* ViewController.swift in Sources */,
				2144A3C4233762F100F37467 /* AppDelegate.swift in Sources */,
			);
			runOnlyForDeploymentPostprocessing = 0;
		};
/* End PBXSourcesBuildPhase section */

/* Begin PBXVariantGroup section */
		2144A3C7233762F100F37467 /* Main.storyboard */ = {
			isa = PBXVariantGroup;
			children = (
				2144A3C8233762F100F37467 /* Base */,
			);
			name = Main.storyboard;
			sourceTree = "<group>";
		};
		2144A3CF233762F200F37467 /* LaunchScreen.storyboard */ = {
			isa = PBXVariantGroup;
			children = (
				2144A3D0233762F200F37467 /* Base */,
			);
			name = LaunchScreen.storyboard;
			sourceTree = "<group>";
		};
/* End PBXVariantGroup section */

/* Begin XCBuildConfiguration section */
		2144A3D3233762F200F37467 /* Debug */ = {
			isa = XCBuildConfiguration;
			buildSettings = {
				ALWAYS_SEARCH_USER_PATHS = NO;
				CLANG_ANALYZER_NONNULL = YES;
				CLANG_ANALYZER_NUMBER_OBJECT_CONVERSION = YES_AGGRESSIVE;
				CLANG_CXX_LANGUAGE_STANDARD = "gnu++14";
				CLANG_CXX_LIBRARY = "libc++";
				CLANG_ENABLE_MODULES = YES;
				CLANG_ENABLE_OBJC_ARC = YES;
				CLANG_ENABLE_OBJC_WEAK = YES;
				CLANG_WARN_BLOCK_CAPTURE_AUTORELEASING = YES;
				CLANG_WARN_BOOL_CONVERSION = YES;
				CLANG_WARN_COMMA = YES;
				CLANG_WARN_CONSTANT_CONVERSION = YES;
				CLANG_WARN_DEPRECATED_OBJC_IMPLEMENTATIONS = YES;
				CLANG_WARN_DIRECT_OBJC_ISA_USAGE = YES_ERROR;
				CLANG_WARN_DOCUMENTATION_COMMENTS = YES;
				CLANG_WARN_EMPTY_BODY = YES;
				CLANG_WARN_ENUM_CONVERSION = YES;
				CLANG_WARN_INFINITE_RECURSION = YES;
				CLANG_WARN_INT_CONVERSION = YES;
				CLANG_WARN_NON_LITERAL_NULL_CONVERSION = YES;
				CLANG_WARN_OBJC_IMPLICIT_RETAIN_SELF = YES;
				CLANG_WARN_OBJC_LITERAL_CONVERSION = YES;
				CLANG_WARN_OBJC_ROOT_CLASS = YES_ERROR;
				CLANG_WARN_RANGE_LOOP_ANALYSIS = YES;
				CLANG_WARN_STRICT_PROTOTYPES = YES;
				CLANG_WARN_SUSPICIOUS_MOVE = YES;
				CLANG_WARN_UNGUARDED_AVAILABILITY = YES_AGGRESSIVE;
				CLANG_WARN_UNREACHABLE_CODE = YES;
				CLANG_WARN__DUPLICATE_METHOD_MATCH = YES;
				CODE_SIGN_IDENTITY = "iPhone Developer";
				COPY_PHASE_STRIP = NO;
				DEBUG_INFORMATION_FORMAT = dwarf;
				ENABLE_STRICT_OBJC_MSGSEND = YES;
				ENABLE_TESTABILITY = YES;
				GCC_C_LANGUAGE_STANDARD = gnu11;
				GCC_DYNAMIC_NO_PIC = NO;
				GCC_NO_COMMON_BLOCKS = YES;
				GCC_OPTIMIZATION_LEVEL = 0;
				GCC_PREPROCESSOR_DEFINITIONS = (
					"DEBUG=1",
					"$(inherited)",
				);
				GCC_WARN_64_TO_32_BIT_CONVERSION = YES;
				GCC_WARN_ABOUT_RETURN_TYPE = YES_ERROR;
				GCC_WARN_UNDECLARED_SELECTOR = YES;
				GCC_WARN_UNINITIALIZED_AUTOS = YES_AGGRESSIVE;
				GCC_WARN_UNUSED_FUNCTION = YES;
				GCC_WARN_UNUSED_VARIABLE = YES;
				IPHONEOS_DEPLOYMENT_TARGET = 12.4;
				MTL_ENABLE_DEBUG_INFO = INCLUDE_SOURCE;
				MTL_FAST_MATH = YES;
				ONLY_ACTIVE_ARCH = YES;
				SDKROOT = iphoneos;
				SWIFT_ACTIVE_COMPILATION_CONDITIONS = DEBUG;
				SWIFT_OPTIMIZATION_LEVEL = "-Onone";
			};
			name = Debug;
		};
		2144A3D4233762F200F37467 /* Release */ = {
			isa = XCBuildConfiguration;
			buildSettings = {
				ALWAYS_SEARCH_USER_PATHS = NO;
				CLANG_ANALYZER_NONNULL = YES;
				CLANG_ANALYZER_NUMBER_OBJECT_CONVERSION = YES_AGGRESSIVE;
				CLANG_CXX_LANGUAGE_STANDARD = "gnu++14";
				CLANG_CXX_LIBRARY = "libc++";
				CLANG_ENABLE_MODULES = YES;
				CLANG_ENABLE_OBJC_ARC = YES;
				CLANG_ENABLE_OBJC_WEAK = YES;
				CLANG_WARN_BLOCK_CAPTURE_AUTORELEASING = YES;
				CLANG_WARN_BOOL_CONVERSION = YES;
				CLANG_WARN_COMMA = YES;
				CLANG_WARN_CONSTANT_CONVERSION = YES;
				CLANG_WARN_DEPRECATED_OBJC_IMPLEMENTATIONS = YES;
				CLANG_WARN_DIRECT_OBJC_ISA_USAGE = YES_ERROR;
				CLANG_WARN_DOCUMENTATION_COMMENTS = YES;
				CLANG_WARN_EMPTY_BODY = YES;
				CLANG_WARN_ENUM_CONVERSION = YES;
				CLANG_WARN_INFINITE_RECURSION = YES;
				CLANG_WARN_INT_CONVERSION = YES;
				CLANG_WARN_NON_LITERAL_NULL_CONVERSION = YES;
				CLANG_WARN_OBJC_IMPLICIT_RETAIN_SELF = YES;
				CLANG_WARN_OBJC_LITERAL_CONVERSION = YES;
				CLANG_WARN_OBJC_ROOT_CLASS = YES_ERROR;
				CLANG_WARN_RANGE_LOOP_ANALYSIS = YES;
				CLANG_WARN_STRICT_PROTOTYPES = YES;
				CLANG_WARN_SUSPICIOUS_MOVE = YES;
				CLANG_WARN_UNGUARDED_AVAILABILITY = YES_AGGRESSIVE;
				CLANG_WARN_UNREACHABLE_CODE = YES;
				CLANG_WARN__DUPLICATE_METHOD_MATCH = YES;
				CODE_SIGN_IDENTITY = "iPhone Developer";
				COPY_PHASE_STRIP = NO;
				DEBUG_INFORMATION_FORMAT = "dwarf-with-dsym";
				ENABLE_NS_ASSERTIONS = NO;
				ENABLE_STRICT_OBJC_MSGSEND = YES;
				GCC_C_LANGUAGE_STANDARD = gnu11;
				GCC_NO_COMMON_BLOCKS = YES;
				GCC_WARN_64_TO_32_BIT_CONVERSION = YES;
				GCC_WARN_ABOUT_RETURN_TYPE = YES_ERROR;
				GCC_WARN_UNDECLARED_SELECTOR = YES;
				GCC_WARN_UNINITIALIZED_AUTOS = YES_AGGRESSIVE;
				GCC_WARN_UNUSED_FUNCTION = YES;
				GCC_WARN_UNUSED_VARIABLE = YES;
				IPHONEOS_DEPLOYMENT_TARGET = 12.4;
				MTL_ENABLE_DEBUG_INFO = NO;
				MTL_FAST_MATH = YES;
				SDKROOT = iphoneos;
				SWIFT_COMPILATION_MODE = wholemodule;
				SWIFT_OPTIMIZATION_LEVEL = "-O";
				VALIDATE_PRODUCT = YES;
			};
			name = Release;
		};
		2144A3D6233762F200F37467 /* Debug */ = {
			isa = XCBuildConfiguration;
			buildSettings = {
				ASSETCATALOG_COMPILER_APPICON_NAME = AppIcon;
				CODE_SIGN_STYLE = Automatic;
				DEVELOPMENT_TEAM = 98M6S6MY83;
				INFOPLIST_FILE = "Toy world/Info.plist";
				LD_RUNPATH_SEARCH_PATHS = (
					"$(inherited)",
					"@executable_path/Frameworks",
				);
				PRODUCT_BUNDLE_IDENTIFIER = "com.Yichuanapp.Toy-world";
				PRODUCT_NAME = "$(TARGET_NAME)";
				SWIFT_VERSION = 5.0;
				TARGETED_DEVICE_FAMILY = "1,2";
			};
			name = Debug;
		};
		2144A3D7233762F200F37467 /* Release */ = {
			isa = XCBuildConfiguration;
			buildSettings = {
				ASSETCATALOG_COMPILER_APPICON_NAME = AppIcon;
				CODE_SIGN_STYLE = Automatic;
				DEVELOPMENT_TEAM = 98M6S6MY83;
				INFOPLIST_FILE = "Toy world/Info.plist";
				LD_RUNPATH_SEARCH_PATHS = (
					"$(inherited)",
					"@executable_path/Frameworks",
				);
				PRODUCT_BUNDLE_IDENTIFIER = "com.Yichuanapp.Toy-world";
				PRODUCT_NAME = "$(TARGET_NAME)";
				SWIFT_VERSION = 5.0;
				TARGETED_DEVICE_FAMILY = "1,2";
			};
			name = Release;
		};
/* End XCBuildConfiguration section */

/* Begin XCConfigurationList section */
		2144A3BB233762F100F37467 /* Build configuration list for PBXProject "Toy world" */ = {
			isa = XCConfigurationList;
			buildConfigurations = (
				2144A3D3233762F200F37467 /* Debug */,
				2144A3D4233762F200F37467 /* Release */,
			);
			defaultConfigurationIsVisible = 0;
			defaultConfigurationName = Release;
		};
		2144A3D5233762F200F37467 /* Build configuration list for PBXNativeTarget "Toy world" */ = {
			isa = XCConfigurationList;
			buildConfigurations = (
				2144A3D6233762F200F37467 /* Debug */,
				2144A3D7233762F200F37467 /* Release */,
			);
			defaultConfigurationIsVisible = 0;
			defaultConfigurationName = Release;
		};
/* End XCConfigurationList section */

/* Begin XCVersionGroup section */
		2144A3CA233762F100F37467 /* Toy_world.xcdatamodeld */ = {
			isa = XCVersionGroup;
			children = (
				2144A3CB233762F100F37467 /* Toy_world.xcdatamodel */,
			);
			currentVersion = 2144A3CB233762F100F37467 /* Toy_world.xcdatamodel */;
			path = Toy_world.xcdatamodeld;
			sourceTree = "<group>";
			versionGroupType = wrapper.xcdatamodel;
		};
/* End XCVersionGroup section */
	};
	rootObject = 2144A3B8233762F100F37467 /* Project object */;
}
